# This file is generated by running "yarn install" inside your project.
# Manual changes might be lost - proceed with caution!

__metadata:
  version: 4
  cacheKey: 8

"@babel/runtime@npm:^7.18.9":
  version: 7.18.9
  resolution: "@babel/runtime@npm:7.18.9"
  dependencies:
    regenerator-runtime: ^0.13.4
  checksum: 36dd736baba7164e82b3cc9d43e081f0cb2d05ff867ad39cac515d99546cee75b7f782018b02a3dcf5f2ef3d27f319faa68965fdfec49d4912c60c6002353a2e
  languageName: node
  linkType: hard

"@nodelib/fs.scandir@npm:2.1.5":
  version: 2.1.5
  resolution: "@nodelib/fs.scandir@npm:2.1.5"
  dependencies:
    "@nodelib/fs.stat": 2.0.5
    run-parallel: ^1.1.9
  checksum: a970d595bd23c66c880e0ef1817791432dbb7acbb8d44b7e7d0e7a22f4521260d4a83f7f9fd61d44fda4610105577f8f58a60718105fb38352baed612fd79e59
  languageName: node
  linkType: hard

"@nodelib/fs.stat@npm:2.0.5, @nodelib/fs.stat@npm:^2.0.2":
  version: 2.0.5
  resolution: "@nodelib/fs.stat@npm:2.0.5"
  checksum: 012480b5ca9d97bff9261571dbbec7bbc6033f69cc92908bc1ecfad0792361a5a1994bc48674b9ef76419d056a03efadfce5a6cf6dbc0a36559571a7a483f6f0
  languageName: node
  linkType: hard

"@nodelib/fs.walk@npm:^1.2.3":
  version: 1.2.8
  resolution: "@nodelib/fs.walk@npm:1.2.8"
  dependencies:
    "@nodelib/fs.scandir": 2.1.5
    fastq: ^1.6.0
  checksum: 190c643f156d8f8f277bf2a6078af1ffde1fd43f498f187c2db24d35b4b4b5785c02c7dc52e356497b9a1b65b13edc996de08de0b961c32844364da02986dc53
  languageName: node
  linkType: hard

"@tsconfig/svelte@npm:^3.0.0":
  version: 3.0.0
  resolution: "@tsconfig/svelte@npm:3.0.0"
  checksum: 92986428a6aa87d5db9377de65cd7bd6bf73367bc3ec03bb06faba7db2ac51c45470402212914bbc76c00efa08e1116e9d269aea38274e04dbb183705dbb7a09
  languageName: node
  linkType: hard

"@types/codemirror@npm:0.0.108":
  version: 0.0.108
  resolution: "@types/codemirror@npm:0.0.108"
  dependencies:
    "@types/tern": "*"
  checksum: 0951282991d004df056451ba04a2ee01ec409be0336c985bd825a5483bf9582f5daaf9ccc89aecbedfda64b9c93cf42e36feb52002f348542cda4bafaf3d28cf
  languageName: node
  linkType: hard

"@types/estree@npm:*":
  version: 1.0.0
  resolution: "@types/estree@npm:1.0.0"
  checksum: 910d97fb7092c6738d30a7430ae4786a38542023c6302b95d46f49420b797f21619cdde11fa92b338366268795884111c2eb10356e4bd2c8ad5b92941e9e6443
  languageName: node
  linkType: hard

"@types/json-schema@npm:^7.0.9":
  version: 7.0.11
  resolution: "@types/json-schema@npm:7.0.11"
  checksum: 527bddfe62db9012fccd7627794bd4c71beb77601861055d87e3ee464f2217c85fca7a4b56ae677478367bbd248dbde13553312b7d4dbc702a2f2bbf60c4018d
  languageName: node
  linkType: hard

"@types/node@npm:*":
  version: 18.6.4
  resolution: "@types/node@npm:18.6.4"
  checksum: fc453dd2b541f5812ba1a8f957f577727cf2d8aee886f1d5c03eb153b2b3373d2e0953c5bd2b7a5b184073bc317f54ec91f1ec4830a58eda4a833e90654021de
  languageName: node
  linkType: hard

"@types/node@npm:^16.11.6":
  version: 16.11.47
  resolution: "@types/node@npm:16.11.47"
  checksum: 26811000753fd1bb9a90a563fc72942ac3ad5d5b6c97609a090c1e24210e040597ba060e55a7a46cb22cc84dafee112d741f45652139c6166e8ce0c970b4f05a
  languageName: node
  linkType: hard

"@types/pug@npm:^2.0.4":
  version: 2.0.6
  resolution: "@types/pug@npm:2.0.6"
  checksum: e8d09c3ddc7e6b87050a16d73694518f259a8ed74a0ab79b81b847baf89d92d44959ed68199966ac6f4a218c715c9bb3e4c86c8800d4868a4a674f4b21d2f01d
  languageName: node
  linkType: hard

"@types/sass@npm:^1.16.0":
  version: 1.43.1
  resolution: "@types/sass@npm:1.43.1"
  dependencies:
    "@types/node": "*"
  checksum: 19eb71acc4b0d7db2170732a51ad18a34007021f42069652a5be8a3e3a448a470d2f970b9e85f734d1896bf3a25e48fb5132b4a989c101eb5df21cc171d426c5
  languageName: node
  linkType: hard

"@types/tern@npm:*":
  version: 0.23.4
  resolution: "@types/tern@npm:0.23.4"
  dependencies:
    "@types/estree": "*"
  checksum: d8fd304f147ed08f1d075f09cb8d440b7f785f69c9ec5c30eadf98132fe3f58f3b1bbbd11283858bb261afac5a2039c1c255f290b0f6e4a47cd6a746f30a6aa8
  languageName: node
  linkType: hard

"@typescript-eslint/eslint-plugin@npm:5.29.0":
  version: 5.29.0
  resolution: "@typescript-eslint/eslint-plugin@npm:5.29.0"
  dependencies:
    "@typescript-eslint/scope-manager": 5.29.0
    "@typescript-eslint/type-utils": 5.29.0
    "@typescript-eslint/utils": 5.29.0
    debug: ^4.3.4
    functional-red-black-tree: ^1.0.1
    ignore: ^5.2.0
    regexpp: ^3.2.0
    semver: ^7.3.7
    tsutils: ^3.21.0
  peerDependencies:
    "@typescript-eslint/parser": ^5.0.0
    eslint: ^6.0.0 || ^7.0.0 || ^8.0.0
  peerDependenciesMeta:
    typescript:
      optional: true
  checksum: b1022a640f80c314ac8b247a2ccdd21f4b523b3cb8906956f5d276008ac964c8a1e951b2b2b16ca9621eb795dc9bbf6447b5b767acfe4866a1bc3e3527d966fc
  languageName: node
  linkType: hard

"@typescript-eslint/parser@npm:5.29.0":
  version: 5.29.0
  resolution: "@typescript-eslint/parser@npm:5.29.0"
  dependencies:
    "@typescript-eslint/scope-manager": 5.29.0
    "@typescript-eslint/types": 5.29.0
    "@typescript-eslint/typescript-estree": 5.29.0
    debug: ^4.3.4
  peerDependencies:
    eslint: ^6.0.0 || ^7.0.0 || ^8.0.0
  peerDependenciesMeta:
    typescript:
      optional: true
  checksum: 7805796638d1ddbe21f2627e9f03493ec17710e22ae81d2345f3e0f5ff9cbf6f0cd1b0e05d8d0b9aa08435bafdb6b5c86f27d7115f0959de43e3322b86c00709
  languageName: node
  linkType: hard

"@typescript-eslint/scope-manager@npm:5.29.0":
  version: 5.29.0
  resolution: "@typescript-eslint/scope-manager@npm:5.29.0"
  dependencies:
    "@typescript-eslint/types": 5.29.0
    "@typescript-eslint/visitor-keys": 5.29.0
  checksum: 540642bef9c55fd7692af98dfb42ab99eeb82553f42ab2a3c4e132e02b5ba492da1c6bf1ca6b02b900a678fc74399ad6c564c0ca20d91032090b6cbcb01a5bde
  languageName: node
  linkType: hard

"@typescript-eslint/type-utils@npm:5.29.0":
  version: 5.29.0
  resolution: "@typescript-eslint/type-utils@npm:5.29.0"
  dependencies:
    "@typescript-eslint/utils": 5.29.0
    debug: ^4.3.4
    tsutils: ^3.21.0
  peerDependencies:
    eslint: "*"
  peerDependenciesMeta:
    typescript:
      optional: true
  checksum: 686b8ff05a7591f76a2a1d3746b988168dcbd59c2f52de095b19e4f8e17063e03dc3d0f7b3d84f7be6880f2df97c3e184877664d0b4275ea9871c31d1e58c7d2
  languageName: node
  linkType: hard

"@typescript-eslint/types@npm:5.29.0":
  version: 5.29.0
  resolution: "@typescript-eslint/types@npm:5.29.0"
  checksum: 982ecdd69103105cabff8deac7f82f6002cf909238702ce902133e9af655cd962f977d5adf650c5ddae80d8c0e46abe1612a9141b25c7ed20ba8d662eb7ab871
  languageName: node
  linkType: hard

"@typescript-eslint/typescript-estree@npm:5.29.0":
  version: 5.29.0
  resolution: "@typescript-eslint/typescript-estree@npm:5.29.0"
  dependencies:
    "@typescript-eslint/types": 5.29.0
    "@typescript-eslint/visitor-keys": 5.29.0
    debug: ^4.3.4
    globby: ^11.1.0
    is-glob: ^4.0.3
    semver: ^7.3.7
    tsutils: ^3.21.0
  peerDependenciesMeta:
    typescript:
      optional: true
  checksum: b91107a9fc31bf511aaa70f1e6d1d832d3acf08cfe999c870169447a7c223abff54c1d604bbb08d7c069dd98b43fb279bc314d1726097704fe8ad4c6e0969b12
  languageName: node
  linkType: hard

"@typescript-eslint/utils@npm:5.29.0":
  version: 5.29.0
  resolution: "@typescript-eslint/utils@npm:5.29.0"
  dependencies:
    "@types/json-schema": ^7.0.9
    "@typescript-eslint/scope-manager": 5.29.0
    "@typescript-eslint/types": 5.29.0
    "@typescript-eslint/typescript-estree": 5.29.0
    eslint-scope: ^5.1.1
    eslint-utils: ^3.0.0
  peerDependencies:
    eslint: ^6.0.0 || ^7.0.0 || ^8.0.0
  checksum: 216f51fb9c176437919af55db9ed14db8af7b020611e954c06e69956b9e3248cbfe6a218013d6c17b716116dca6566a4c03710f9b48ce4e94f89312d61c16d07
  languageName: node
  linkType: hard

"@typescript-eslint/visitor-keys@npm:5.29.0":
  version: 5.29.0
  resolution: "@typescript-eslint/visitor-keys@npm:5.29.0"
  dependencies:
    "@typescript-eslint/types": 5.29.0
    eslint-visitor-keys: ^3.3.0
  checksum: 15f228ad9ffaf0e42cc6b2ee4e5095c1e89c4c2dc46a65d19ca0e2296d88c08a1192039d942bd9600b1496176749f6322d636dd307602dbab90404a9501b4d6e
  languageName: node
  linkType: hard

"array-union@npm:^2.1.0":
  version: 2.1.0
  resolution: "array-union@npm:2.1.0"
  checksum: 5bee12395cba82da674931df6d0fea23c4aa4660cb3b338ced9f828782a65caa232573e6bf3968f23e0c5eb301764a382cef2f128b170a9dc59de0e36c39f98d
  languageName: node
  linkType: hard

"balanced-match@npm:^1.0.0":
  version: 1.0.2
  resolution: "balanced-match@npm:1.0.2"
  checksum: 9706c088a283058a8a99e0bf91b0a2f75497f185980d9ffa8b304de1d9e58ebda7c72c07ebf01dadedaac5b2907b2c6f566f660d62bd336c3468e960403b9d65
  languageName: node
  linkType: hard

"brace-expansion@npm:^1.1.7":
  version: 1.1.11
  resolution: "brace-expansion@npm:1.1.11"
  dependencies:
    balanced-match: ^1.0.0
    concat-map: 0.0.1
  checksum: faf34a7bb0c3fcf4b59c7808bc5d2a96a40988addf2e7e09dfbb67a2251800e0d14cd2bfc1aa79174f2f5095c54ff27f46fb1289fe2d77dac755b5eb3434cc07
  languageName: node
  linkType: hard

"braces@npm:^3.0.2":
  version: 3.0.2
  resolution: "braces@npm:3.0.2"
  dependencies:
    fill-range: ^7.0.1
  checksum: e2a8e769a863f3d4ee887b5fe21f63193a891c68b612ddb4b68d82d1b5f3ff9073af066c343e9867a393fe4c2555dcb33e89b937195feb9c1613d259edfcd459
  languageName: node
  linkType: hard

"buffer-crc32@npm:^0.2.5":
  version: 0.2.13
  resolution: "buffer-crc32@npm:0.2.13"
  checksum: 06252347ae6daca3453b94e4b2f1d3754a3b146a111d81c68924c22d91889a40623264e95e67955b1cb4a68cbedf317abeabb5140a9766ed248973096db5ce1c
  languageName: node
  linkType: hard

"builtin-modules@npm:3.3.0":
  version: 3.3.0
  resolution: "builtin-modules@npm:3.3.0"
  checksum: db021755d7ed8be048f25668fe2117620861ef6703ea2c65ed2779c9e3636d5c3b82325bd912244293959ff3ae303afa3471f6a15bf5060c103e4cc3a839749d
  languageName: node
  linkType: hard

"complex.js@npm:^2.1.1":
  version: 2.1.1
  resolution: "complex.js@npm:2.1.1"
  checksum: a0802cc3f0eb7703088edfc3fe209ae7be5ce93c0e710a0f288be2e29ee31b3530a8c0d3330d7c2a668410dfe4293a4038554d66c7f1f1165997941bdc1092aa
  languageName: node
  linkType: hard

"concat-map@npm:0.0.1":
  version: 0.0.1
  resolution: "concat-map@npm:0.0.1"
  checksum: 902a9f5d8967a3e2faf138d5cb784b9979bad2e6db5357c5b21c568df4ebe62bcb15108af1b2253744844eb964fc023fbd9afbbbb6ddd0bcc204c6fb5b7bf3af
  languageName: node
  linkType: hard

"debug@npm:^4.3.4":
  version: 4.3.4
  resolution: "debug@npm:4.3.4"
  dependencies:
    ms: 2.1.2
  peerDependenciesMeta:
    supports-color:
      optional: true
  checksum: 3dbad3f94ea64f34431a9cbf0bafb61853eda57bff2880036153438f50fb5a84f27683ba0d8e5426bf41a8c6ff03879488120cf5b3a761e77953169c0600a708
  languageName: node
  linkType: hard

"decimal.js@npm:^10.3.1":
  version: 10.3.1
  resolution: "decimal.js@npm:10.3.1"
  checksum: 0351ac9f05fe050f23227aa6a4573bee2d58fa7378fcf28d969a8c789525032effb488a90320fd3fe86a66e17b4bc507d811b15eada5b7f0e7ec5d2af4c24a59
  languageName: node
  linkType: hard

"detect-indent@npm:^6.0.0":
  version: 6.1.0
  resolution: "detect-indent@npm:6.1.0"
  checksum: ab953a73c72dbd4e8fc68e4ed4bfd92c97eb6c43734af3900add963fd3a9316f3bc0578b018b24198d4c31a358571eff5f0656e81a1f3b9ad5c547d58b2d093d
  languageName: node
  linkType: hard

"dir-glob@npm:^3.0.1":
  version: 3.0.1
  resolution: "dir-glob@npm:3.0.1"
  dependencies:
    path-type: ^4.0.0
  checksum: fa05e18324510d7283f55862f3161c6759a3f2f8dbce491a2fc14c8324c498286c54282c1f0e933cb930da8419b30679389499b919122952a4f8592362ef4615
  languageName: node
  linkType: hard

"es6-promise@npm:^3.1.2":
  version: 3.3.1
  resolution: "es6-promise@npm:3.3.1"
  checksum: ce4044009c2b78db18b15212338eb711cd8a4d485961bc9ec18bb24e8c1e91c96d3295b0fcf63066fc0fa1b0ade36da05e6657827d4336dece382be2429b8398
  languageName: node
  linkType: hard

"esbuild-android-64@npm:0.14.47":
  version: 0.14.47
  resolution: "esbuild-android-64@npm:0.14.47"
  checksum: 10ed0e943351d67f7586e845530dad441f5d138b6bf6c6d39e86c77f5f0ca26797451fd515d9ed0da6f81f0e65590e084abf2005e4bc4476ee37fc116afdfbea
  languageName: node
  linkType: hard

"esbuild-android-arm64@npm:0.14.47":
  version: 0.14.47
  resolution: "esbuild-android-arm64@npm:0.14.47"
  checksum: 95491e4f973c7e488aa0daa0732e0ba7523aded8b9bbc266e534168e5bf8fa592d7dbead5ed0138891c5d1ab0214e3ba6f37af478bac58070e78e4df3c53d5fc
  languageName: node
  linkType: hard

"esbuild-darwin-64@npm:0.14.47":
  version: 0.14.47
  resolution: "esbuild-darwin-64@npm:0.14.47"
  checksum: c5f78ed9fe6a626e94b60d9793407548054f2b2b0bd7591e2b625707fb720f2cd8b6641d09e00511fb923052d48d95167230978d62f613e225a0540231d18d5d
  languageName: node
  linkType: hard

"esbuild-darwin-arm64@npm:0.14.47":
  version: 0.14.47
  resolution: "esbuild-darwin-arm64@npm:0.14.47"
  checksum: ac764184f52f7bed4e55cae024965c15dd4df90984d83d9d08dc288b1319f35761774ed8dc65d411098540f6966f21a821b945cf170e6e66cc75576eb9c68a1e
  languageName: node
  linkType: hard

"esbuild-freebsd-64@npm:0.14.47":
  version: 0.14.47
  resolution: "esbuild-freebsd-64@npm:0.14.47"
  checksum: b8ab98f495ae623b53746ec0fba343f5f2017e575f3126d8087b72dd3d66dee20426aa2bd49d859a7962175366199c2eb99b94466f755fcf0359f4258e5dd4b8
  languageName: node
  linkType: hard

"esbuild-freebsd-arm64@npm:0.14.47":
  version: 0.14.47
  resolution: "esbuild-freebsd-arm64@npm:0.14.47"
  checksum: af124359d8345f9af7006412412a955807371d327bd0ef2376eff78dd1b7c06d0485738a7c0a92493c7b92ede182ac8aa6a67c62a00e1c5be776f2922a9003fb
  languageName: node
  linkType: hard

"esbuild-linux-32@npm:0.14.47":
  version: 0.14.47
  resolution: "esbuild-linux-32@npm:0.14.47"
  checksum: 5b80db3b474d167a4537c119ab4edd0c759b5a4c0154293e81ae0f9246e3b4f1812252dd8e914821ecbafa2a320b0e4444281375090f3d4fa779de199f962826
  languageName: node
  linkType: hard

"esbuild-linux-64@npm:0.14.47":
  version: 0.14.47
  resolution: "esbuild-linux-64@npm:0.14.47"
  checksum: 35831ae7ebf135df8b1769ec7e22cebc60f7b6cea40a5099d98150e4066a9d89b36a58e4129de2cda5234f4ecf6d44479ada5121a5567e6a7204339910733cbe
  languageName: node
  linkType: hard

"esbuild-linux-arm64@npm:0.14.47":
  version: 0.14.47
  resolution: "esbuild-linux-arm64@npm:0.14.47"
  checksum: ed24bff681aae8ddf9be637e5ffd1071fb291ccda024cb7d61143006dc634e3c590d31702ecd9e984f3e47b90fc510144451a5ae578a7c902641b681742fe438
  languageName: node
  linkType: hard

"esbuild-linux-arm@npm:0.14.47":
  version: 0.14.47
  resolution: "esbuild-linux-arm@npm:0.14.47"
  checksum: f73b0e474f20c56a070903f2ccb7cfcf202c1f877e53ef0687636e02c2ea826e0027bee26c7987a17788fb444598821880b73994b076ea0eee9817df94782ee2
  languageName: node
  linkType: hard

"esbuild-linux-mips64le@npm:0.14.47":
  version: 0.14.47
  resolution: "esbuild-linux-mips64le@npm:0.14.47"
  checksum: eaf0e13025f43966a1e2c65ab5122b48f9f919dde13039d5e457dfa49dafdda8f918ac967c54dde920d36933b3ce0e8ad222d38671b1d9e2de868ae59bbed52a
  languageName: node
  linkType: hard

"esbuild-linux-ppc64le@npm:0.14.47":
  version: 0.14.47
  resolution: "esbuild-linux-ppc64le@npm:0.14.47"
  checksum: b12f759249bb8e1f90c144348e7ae83e672bda727178cdb044c194219f188f52dc246f3e629c68ab623688702058c1be99b35b544ad9be49ea788669a244d9e2
  languageName: node
  linkType: hard

"esbuild-linux-riscv64@npm:0.14.47":
  version: 0.14.47
  resolution: "esbuild-linux-riscv64@npm:0.14.47"
  checksum: 930740eea64af165cdd6904b5ac82d51b81e3433be3cf6213ab5831782047a9d9bca5a8c58e003cbaaca7aefb9cbac8325e5148f6afecc19cdb99b14f2027ea4
  languageName: node
  linkType: hard

"esbuild-linux-s390x@npm:0.14.47":
  version: 0.14.47
  resolution: "esbuild-linux-s390x@npm:0.14.47"
  checksum: d4f018754eed85c11ce2c8089dd89afe922271f1ab10c05eb5b159fcd0ae435b2154b7a7afd6a1bf2480e44c0d818f50074e024387720e95285cd3045b2f66c2
  languageName: node
  linkType: hard

"esbuild-netbsd-64@npm:0.14.47":
  version: 0.14.47
  resolution: "esbuild-netbsd-64@npm:0.14.47"
  checksum: 2e6d6225fc4335e49570a3b04f3dcd41d59be1143e28c4c5b52feb849de4a64fb9e63766348fc7229462a12e58ae83381fb445cbbed19b1b1e20d5d25b16e7e1
  languageName: node
  linkType: hard

"esbuild-openbsd-64@npm:0.14.47":
  version: 0.14.47
  resolution: "esbuild-openbsd-64@npm:0.14.47"
  checksum: 38e41bbde1ce62f0dadfc5397725ca6dd77e5a884cbd7e8c58ca4e2cb591996c799c2983493264938828541c5a3490cdde39c6e2d5604e8872b74652ccb5ce69
  languageName: node
  linkType: hard

"esbuild-sunos-64@npm:0.14.47":
  version: 0.14.47
  resolution: "esbuild-sunos-64@npm:0.14.47"
  checksum: bf746263233a26d49eb25436248c6f468a71964ca82962f127e3c79c97bfc651827a3fc85bed834d10d1d5a03ca35fe9156abd8502f766d7fb2012cda110426c
  languageName: node
  linkType: hard

"esbuild-svelte@npm:^0.7.1":
  version: 0.7.1
  resolution: "esbuild-svelte@npm:0.7.1"
  peerDependencies:
    esbuild: ">=0.9.6"
    svelte: ">=3.43.0"
  checksum: fe69081fef173336c11f8da43194b890e3321f9b0ce0fe2762928b0e009f32a1cfec2788a09c8c8512ffb79ed36fa0d57d05d0e886c44d201fbb3d56e50e2d3e
  languageName: node
  linkType: hard

"esbuild-windows-32@npm:0.14.47":
  version: 0.14.47
  resolution: "esbuild-windows-32@npm:0.14.47"
  checksum: d4d945713d276d26bcad884fdebf76d69a7e9e669fa46026233d998fc2ce832f2e17396727f60bc25a3215df7b8c588725977182c1ba5cd98c8f0599c368ba99
  languageName: node
  linkType: hard

"esbuild-windows-64@npm:0.14.47":
  version: 0.14.47
  resolution: "esbuild-windows-64@npm:0.14.47"
  checksum: 99e486e6773c41c1a02193bcb3029c2d8078e6c716d02303f839131fb17c2f47dc2add711b5a9f956494b5679d7f790fc3c73a4de4f48d9c0f8577a1dfa51764
  languageName: node
  linkType: hard

"esbuild-windows-arm64@npm:0.14.47":
  version: 0.14.47
  resolution: "esbuild-windows-arm64@npm:0.14.47"
  checksum: d8d8cfabb4b798880ca47d6ac4fe6ad391acc4599874ad2e65f5bc6f20678d5bec7c18c9e4e444f25fa2c09b519fec8e75c74cefa6efcee3bcf7b3391e287a19
  languageName: node
  linkType: hard

"esbuild@npm:0.14.47":
  version: 0.14.47
  resolution: "esbuild@npm:0.14.47"
  dependencies:
    esbuild-android-64: 0.14.47
    esbuild-android-arm64: 0.14.47
    esbuild-darwin-64: 0.14.47
    esbuild-darwin-arm64: 0.14.47
    esbuild-freebsd-64: 0.14.47
    esbuild-freebsd-arm64: 0.14.47
    esbuild-linux-32: 0.14.47
    esbuild-linux-64: 0.14.47
    esbuild-linux-arm: 0.14.47
    esbuild-linux-arm64: 0.14.47
    esbuild-linux-mips64le: 0.14.47
    esbuild-linux-ppc64le: 0.14.47
    esbuild-linux-riscv64: 0.14.47
    esbuild-linux-s390x: 0.14.47
    esbuild-netbsd-64: 0.14.47
    esbuild-openbsd-64: 0.14.47
    esbuild-sunos-64: 0.14.47
    esbuild-windows-32: 0.14.47
    esbuild-windows-64: 0.14.47
    esbuild-windows-arm64: 0.14.47
  dependenciesMeta:
    esbuild-android-64:
      optional: true
    esbuild-android-arm64:
      optional: true
    esbuild-darwin-64:
      optional: true
    esbuild-darwin-arm64:
      optional: true
    esbuild-freebsd-64:
      optional: true
    esbuild-freebsd-arm64:
      optional: true
    esbuild-linux-32:
      optional: true
    esbuild-linux-64:
      optional: true
    esbuild-linux-arm:
      optional: true
    esbuild-linux-arm64:
      optional: true
    esbuild-linux-mips64le:
      optional: true
    esbuild-linux-ppc64le:
      optional: true
    esbuild-linux-riscv64:
      optional: true
    esbuild-linux-s390x:
      optional: true
    esbuild-netbsd-64:
      optional: true
    esbuild-openbsd-64:
      optional: true
    esbuild-sunos-64:
      optional: true
    esbuild-windows-32:
      optional: true
    esbuild-windows-64:
      optional: true
    esbuild-windows-arm64:
      optional: true
  bin:
    esbuild: bin/esbuild
  checksum: 77a8bff8c3fe52dc9d2823448843b0f53c9a9f3701e3637a54e396270c9ca04cc46a4b08ef86cbaa8d202854e02c790f61683bfa75ebff540b1e24414f536e91
  languageName: node
  linkType: hard

"escape-latex@npm:^1.2.0":
  version: 1.2.0
  resolution: "escape-latex@npm:1.2.0"
  checksum: 73a787319f0965ecb8244bb38bf3a3cba872f0b9a5d3da8821140e9f39fe977045dc953a62b1a2bed4d12bfccbe75a7d8ec786412bf00739eaa2f627d0a8e0d6
  languageName: node
  linkType: hard

"eslint-scope@npm:^5.1.1":
  version: 5.1.1
  resolution: "eslint-scope@npm:5.1.1"
  dependencies:
    esrecurse: ^4.3.0
    estraverse: ^4.1.1
  checksum: 47e4b6a3f0cc29c7feedee6c67b225a2da7e155802c6ea13bbef4ac6b9e10c66cd2dcb987867ef176292bf4e64eccc680a49e35e9e9c669f4a02bac17e86abdb
  languageName: node
  linkType: hard

"eslint-utils@npm:^3.0.0":
  version: 3.0.0
  resolution: "eslint-utils@npm:3.0.0"
  dependencies:
    eslint-visitor-keys: ^2.0.0
  peerDependencies:
    eslint: ">=5"
  checksum: 0668fe02f5adab2e5a367eee5089f4c39033af20499df88fe4e6aba2015c20720404d8c3d6349b6f716b08fdf91b9da4e5d5481f265049278099c4c836ccb619
  languageName: node
  linkType: hard

"eslint-visitor-keys@npm:^2.0.0":
  version: 2.1.0
  resolution: "eslint-visitor-keys@npm:2.1.0"
  checksum: e3081d7dd2611a35f0388bbdc2f5da60b3a3c5b8b6e928daffff7391146b434d691577aa95064c8b7faad0b8a680266bcda0a42439c18c717b80e6718d7e267d
  languageName: node
  linkType: hard

"eslint-visitor-keys@npm:^3.3.0":
  version: 3.3.0
  resolution: "eslint-visitor-keys@npm:3.3.0"
  checksum: d59e68a7c5a6d0146526b0eec16ce87fbf97fe46b8281e0d41384224375c4e52f5ffb9e16d48f4ea50785cde93f766b0c898e31ab89978d88b0e1720fbfb7808
  languageName: node
  linkType: hard

"esrecurse@npm:^4.3.0":
  version: 4.3.0
  resolution: "esrecurse@npm:4.3.0"
  dependencies:
    estraverse: ^5.2.0
  checksum: ebc17b1a33c51cef46fdc28b958994b1dc43cd2e86237515cbc3b4e5d2be6a811b2315d0a1a4d9d340b6d2308b15322f5c8291059521cc5f4802f65e7ec32837
  languageName: node
  linkType: hard

"estraverse@npm:^4.1.1":
  version: 4.3.0
  resolution: "estraverse@npm:4.3.0"
  checksum: a6299491f9940bb246124a8d44b7b7a413a8336f5436f9837aaa9330209bd9ee8af7e91a654a3545aee9c54b3308e78ee360cef1d777d37cfef77d2fa33b5827
  languageName: node
  linkType: hard

"estraverse@npm:^5.2.0":
  version: 5.3.0
  resolution: "estraverse@npm:5.3.0"
  checksum: 072780882dc8416ad144f8fe199628d2b3e7bbc9989d9ed43795d2c90309a2047e6bc5979d7e2322a341163d22cfad9e21f4110597fe487519697389497e4e2b
  languageName: node
  linkType: hard

"fast-glob@npm:^3.2.9":
  version: 3.2.11
  resolution: "fast-glob@npm:3.2.11"
  dependencies:
    "@nodelib/fs.stat": ^2.0.2
    "@nodelib/fs.walk": ^1.2.3
    glob-parent: ^5.1.2
    merge2: ^1.3.0
    micromatch: ^4.0.4
  checksum: f473105324a7780a20c06de842e15ddbb41d3cb7e71d1e4fe6e8373204f22245d54f5ab9e2061e6a1c613047345954d29b022e0e76f5c28b1df9858179a0e6d7
  languageName: node
  linkType: hard

"fastq@npm:^1.6.0":
  version: 1.13.0
  resolution: "fastq@npm:1.13.0"
  dependencies:
    reusify: ^1.0.4
  checksum: 32cf15c29afe622af187d12fc9cd93e160a0cb7c31a3bb6ace86b7dea3b28e7b72acde89c882663f307b2184e14782c6c664fa315973c03626c7d4bff070bb0b
  languageName: node
  linkType: hard

"fill-range@npm:^7.0.1":
  version: 7.0.1
  resolution: "fill-range@npm:7.0.1"
  dependencies:
    to-regex-range: ^5.0.1
  checksum: cc283f4e65b504259e64fd969bcf4def4eb08d85565e906b7d36516e87819db52029a76b6363d0f02d0d532f0033c9603b9e2d943d56ee3b0d4f7ad3328ff917
  languageName: node
  linkType: hard

"fraction.js@npm:^4.2.0":
  version: 4.2.0
  resolution: "fraction.js@npm:4.2.0"
  checksum: 8c76a6e21dedea87109d6171a0ac77afa14205794a565d71cb10d2925f629a3922da61bf45ea52dbc30bce4d8636dc0a27213a88cbd600eab047d82f9a3a94c5
  languageName: node
  linkType: hard

"fs.realpath@npm:^1.0.0":
  version: 1.0.0
  resolution: "fs.realpath@npm:1.0.0"
  checksum: 99ddea01a7e75aa276c250a04eedeffe5662bce66c65c07164ad6264f9de18fb21be9433ead460e54cff20e31721c811f4fb5d70591799df5f85dce6d6746fd0
  languageName: node
  linkType: hard

"functional-red-black-tree@npm:^1.0.1":
  version: 1.0.1
  resolution: "functional-red-black-tree@npm:1.0.1"
  checksum: ca6c170f37640e2d94297da8bb4bf27a1d12bea3e00e6a3e007fd7aa32e37e000f5772acf941b4e4f3cf1c95c3752033d0c509af157ad8f526e7f00723b9eb9f
  languageName: node
  linkType: hard

"glob-parent@npm:^5.1.2":
  version: 5.1.2
  resolution: "glob-parent@npm:5.1.2"
  dependencies:
    is-glob: ^4.0.1
  checksum: f4f2bfe2425296e8a47e36864e4f42be38a996db40420fe434565e4480e3322f18eb37589617a98640c5dc8fdec1a387007ee18dbb1f3f5553409c34d17f425e
  languageName: node
  linkType: hard

"glob@npm:^7.1.3":
  version: 7.2.3
  resolution: "glob@npm:7.2.3"
  dependencies:
    fs.realpath: ^1.0.0
    inflight: ^1.0.4
    inherits: 2
    minimatch: ^3.1.1
    once: ^1.3.0
    path-is-absolute: ^1.0.0
  checksum: 29452e97b38fa704dabb1d1045350fb2467cf0277e155aa9ff7077e90ad81d1ea9d53d3ee63bd37c05b09a065e90f16aec4a65f5b8de401d1dac40bc5605d133
  languageName: node
  linkType: hard

"globby@npm:^11.1.0":
  version: 11.1.0
  resolution: "globby@npm:11.1.0"
  dependencies:
    array-union: ^2.1.0
    dir-glob: ^3.0.1
    fast-glob: ^3.2.9
    ignore: ^5.2.0
    merge2: ^1.4.1
    slash: ^3.0.0
  checksum: b4be8885e0cfa018fc783792942d53926c35c50b3aefd3fdcfb9d22c627639dc26bd2327a40a0b74b074100ce95bb7187bfeae2f236856aa3de183af7a02aea6
  languageName: node
  linkType: hard

"graceful-fs@npm:^4.1.3":
  version: 4.2.10
  resolution: "graceful-fs@npm:4.2.10"
  checksum: 3f109d70ae123951905d85032ebeae3c2a5a7a997430df00ea30df0e3a6c60cf6689b109654d6fdacd28810a053348c4d14642da1d075049e6be1ba5216218da
  languageName: node
  linkType: hard

"ignore@npm:^5.2.0":
  version: 5.2.0
  resolution: "ignore@npm:5.2.0"
  checksum: 6b1f926792d614f64c6c83da3a1f9c83f6196c2839aa41e1e32dd7b8d174cef2e329d75caabb62cb61ce9dc432f75e67d07d122a037312db7caa73166a1bdb77
  languageName: node
  linkType: hard

"inflight@npm:^1.0.4":
  version: 1.0.6
  resolution: "inflight@npm:1.0.6"
  dependencies:
    once: ^1.3.0
    wrappy: 1
  checksum: f4f76aa072ce19fae87ce1ef7d221e709afb59d445e05d47fba710e85470923a75de35bfae47da6de1b18afc3ce83d70facf44cfb0aff89f0a3f45c0a0244dfd
  languageName: node
  linkType: hard

"inherits@npm:2":
  version: 2.0.4
  resolution: "inherits@npm:2.0.4"
  checksum: 4a48a733847879d6cf6691860a6b1e3f0f4754176e4d71494c41f3475553768b10f84b5ce1d40fbd0e34e6bfbb864ee35858ad4dd2cf31e02fc4a154b724d7f1
  languageName: node
  linkType: hard

"is-extglob@npm:^2.1.1":
  version: 2.1.1
  resolution: "is-extglob@npm:2.1.1"
  checksum: df033653d06d0eb567461e58a7a8c9f940bd8c22274b94bf7671ab36df5719791aae15eef6d83bbb5e23283967f2f984b8914559d4449efda578c775c4be6f85
  languageName: node
  linkType: hard

"is-glob@npm:^4.0.1, is-glob@npm:^4.0.3":
  version: 4.0.3
  resolution: "is-glob@npm:4.0.3"
  dependencies:
    is-extglob: ^2.1.1
  checksum: d381c1319fcb69d341cc6e6c7cd588e17cd94722d9a32dbd60660b993c4fb7d0f19438674e68dfec686d09b7c73139c9166b47597f846af387450224a8101ab4
  languageName: node
  linkType: hard

"is-number@npm:^7.0.0":
  version: 7.0.0
  resolution: "is-number@npm:7.0.0"
  checksum: 456ac6f8e0f3111ed34668a624e45315201dff921e5ac181f8ec24923b99e9f32ca1a194912dc79d539c97d33dba17dc635202ff0b2cf98326f608323276d27a
  languageName: node
  linkType: hard

"javascript-natural-sort@npm:^0.7.1":
  version: 0.7.1
  resolution: "javascript-natural-sort@npm:0.7.1"
  checksum: 161e2c512cc7884bc055a582c6645d9032cab88497a76123d73cb23bfb03d97a04cf7772ecdb8bd3366fc07192c2f996366f479f725c23ef073fffe03d6a586a
  languageName: node
  linkType: hard

"lru-cache@npm:^6.0.0":
  version: 6.0.0
  resolution: "lru-cache@npm:6.0.0"
  dependencies:
    yallist: ^4.0.0
  checksum: f97f499f898f23e4585742138a22f22526254fdba6d75d41a1c2526b3b6cc5747ef59c5612ba7375f42aca4f8461950e925ba08c991ead0651b4918b7c978297
  languageName: node
  linkType: hard

"magic-string@npm:^0.25.7":
  version: 0.25.9
  resolution: "magic-string@npm:0.25.9"
  dependencies:
    sourcemap-codec: ^1.4.8
  checksum: 9a0e55a15c7303fc360f9572a71cffba1f61451bc92c5602b1206c9d17f492403bf96f946dfce7483e66822d6b74607262e24392e87b0ac27b786e69a40e9b1a
  languageName: node
  linkType: hard

"mathjs@npm:^11.0.1":
  version: 11.0.1
  resolution: "mathjs@npm:11.0.1"
  dependencies:
    "@babel/runtime": ^7.18.9
    complex.js: ^2.1.1
    decimal.js: ^10.3.1
    escape-latex: ^1.2.0
    fraction.js: ^4.2.0
    javascript-natural-sort: ^0.7.1
    seedrandom: ^3.0.5
    tiny-emitter: ^2.1.0
    typed-function: ^3.0.0
  bin:
    mathjs: bin/cli.js
  checksum: 2feb1c9c16ff7a8375ec678bfc9e114007739cfb4fff7409042779f3f9496107974a4bb49a01e9e7358222f30d5b32fb763b41bf9b2a08ab84376af397825af1
  languageName: node
  linkType: hard

"merge2@npm:^1.3.0, merge2@npm:^1.4.1":
  version: 1.4.1
  resolution: "merge2@npm:1.4.1"
  checksum: 7268db63ed5169466540b6fb947aec313200bcf6d40c5ab722c22e242f651994619bcd85601602972d3c85bd2cc45a358a4c61937e9f11a061919a1da569b0c2
  languageName: node
  linkType: hard

"micromatch@npm:^4.0.4":
  version: 4.0.5
  resolution: "micromatch@npm:4.0.5"
  dependencies:
    braces: ^3.0.2
    picomatch: ^2.3.1
  checksum: 02a17b671c06e8fefeeb6ef996119c1e597c942e632a21ef589154f23898c9c6a9858526246abb14f8bca6e77734aa9dcf65476fca47cedfb80d9577d52843fc
  languageName: node
  linkType: hard

"min-indent@npm:^1.0.0":
  version: 1.0.1
  resolution: "min-indent@npm:1.0.1"
  checksum: bfc6dd03c5eaf623a4963ebd94d087f6f4bbbfd8c41329a7f09706b0cb66969c4ddd336abeb587bc44bc6f08e13bf90f0b374f9d71f9f01e04adc2cd6f083ef1
  languageName: node
  linkType: hard

"minimatch@npm:^3.1.1":
  version: 3.1.2
  resolution: "minimatch@npm:3.1.2"
  dependencies:
    brace-expansion: ^1.1.7
  checksum: c154e566406683e7bcb746e000b84d74465b3a832c45d59912b9b55cd50dee66e5c4b1e5566dba26154040e51672f9aa450a9aef0c97cfc7336b78b7afb9540a
  languageName: node
  linkType: hard

"minimist@npm:^1.2.0, minimist@npm:^1.2.6":
  version: 1.2.6
  resolution: "minimist@npm:1.2.6"
  checksum: d15428cd1e11eb14e1233bcfb88ae07ed7a147de251441d61158619dfb32c4d7e9061d09cab4825fdee18ecd6fce323228c8c47b5ba7cd20af378ca4048fb3fb
  languageName: node
  linkType: hard

"mkdirp@npm:^0.5.1":
  version: 0.5.6
  resolution: "mkdirp@npm:0.5.6"
  dependencies:
    minimist: ^1.2.6
  bin:
    mkdirp: bin/cmd.js
  checksum: 0c91b721bb12c3f9af4b77ebf73604baf350e64d80df91754dc509491ae93bf238581e59c7188360cec7cb62fc4100959245a42cfe01834efedc5e9d068376c2
  languageName: node
  linkType: hard

"moment@npm:2.29.3":
  version: 2.29.3
  resolution: "moment@npm:2.29.3"
  checksum: 2e780e36d9a1823c08a1b6313cbb08bd01ecbb2a9062095820a34f42c878991ccba53abaa6abb103fd5c01e763724f295162a8c50b7e95b4f1c992ef0772d3f0
  languageName: node
  linkType: hard

"ms@npm:2.1.2":
  version: 2.1.2
  resolution: "ms@npm:2.1.2"
  checksum: 673cdb2c3133eb050c745908d8ce632ed2c02d85640e2edb3ace856a2266a813b30c613569bf3354fdf4ea7d1a1494add3bfa95e2713baa27d0c2c71fc44f58f
  languageName: node
  linkType: hard

"obsidian-sample-plugin@workspace:.":
  version: 0.0.0-use.local
  resolution: "obsidian-sample-plugin@workspace:."
  dependencies:
    "@tsconfig/svelte": ^3.0.0
    "@types/node": ^16.11.6
    "@typescript-eslint/eslint-plugin": 5.29.0
    "@typescript-eslint/parser": 5.29.0
    builtin-modules: 3.3.0
    esbuild: 0.14.47
    esbuild-svelte: ^0.7.1
    mathjs: ^11.0.1
    obsidian: latest
    svelte: ^3.49.0
    svelte-preprocess: ^4.10.7
    tslib: 2.4.0
    typescript: 4.7.4
  languageName: unknown
  linkType: soft

obsidian@latest:
  version: 0.15.4
  resolution: "obsidian@npm:0.15.4"
  dependencies:
    "@types/codemirror": 0.0.108
    moment: 2.29.3
  peerDependencies:
    "@codemirror/state": ^6.0.0
    "@codemirror/view": ^6.0.0
  checksum: 2b075b40fe5a8ec91609e5b93d086d33bc4e88dcf92bb8e8275866612790a29de51d95f215f018fb8c022e619bdd5cfb58ccace247b615c2d7531c2c228b3325
  languageName: node
  linkType: hard

"once@npm:^1.3.0":
  version: 1.4.0
  resolution: "once@npm:1.4.0"
  dependencies:
    wrappy: 1
  checksum: cd0a88501333edd640d95f0d2700fbde6bff20b3d4d9bdc521bdd31af0656b5706570d6c6afe532045a20bb8dc0849f8332d6f2a416e0ba6d3d3b98806c7db68
  languageName: node
  linkType: hard

"path-is-absolute@npm:^1.0.0":
  version: 1.0.1
  resolution: "path-is-absolute@npm:1.0.1"
  checksum: 060840f92cf8effa293bcc1bea81281bd7d363731d214cbe5c227df207c34cd727430f70c6037b5159c8a870b9157cba65e775446b0ab06fd5ecc7e54615a3b8
  languageName: node
  linkType: hard

"path-type@npm:^4.0.0":
  version: 4.0.0
  resolution: "path-type@npm:4.0.0"
  checksum: 5b1e2daa247062061325b8fdbfd1fb56dde0a448fb1455453276ea18c60685bdad23a445dc148cf87bc216be1573357509b7d4060494a6fd768c7efad833ee45
  languageName: node
  linkType: hard

"picomatch@npm:^2.3.1":
  version: 2.3.1
  resolution: "picomatch@npm:2.3.1"
  checksum: 050c865ce81119c4822c45d3c84f1ced46f93a0126febae20737bd05ca20589c564d6e9226977df859ed5e03dc73f02584a2b0faad36e896936238238b0446cf
  languageName: node
  linkType: hard

"queue-microtask@npm:^1.2.2":
  version: 1.2.3
  resolution: "queue-microtask@npm:1.2.3"
  checksum: b676f8c040cdc5b12723ad2f91414d267605b26419d5c821ff03befa817ddd10e238d22b25d604920340fd73efd8ba795465a0377c4adf45a4a41e4234e42dc4
  languageName: node
  linkType: hard

"regenerator-runtime@npm:^0.13.4":
  version: 0.13.9
  resolution: "regenerator-runtime@npm:0.13.9"
  checksum: 65ed455fe5afd799e2897baf691ca21c2772e1a969d19bb0c4695757c2d96249eb74ee3553ea34a91062b2a676beedf630b4c1551cc6299afb937be1426ec55e
  languageName: node
  linkType: hard

"regexpp@npm:^3.2.0":
  version: 3.2.0
  resolution: "regexpp@npm:3.2.0"
  checksum: a78dc5c7158ad9ddcfe01aa9144f46e192ddbfa7b263895a70a5c6c73edd9ce85faf7c0430e59ac38839e1734e275b9c3de5c57ee3ab6edc0e0b1bdebefccef8
  languageName: node
  linkType: hard

"reusify@npm:^1.0.4":
  version: 1.0.4
  resolution: "reusify@npm:1.0.4"
  checksum: c3076ebcc22a6bc252cb0b9c77561795256c22b757f40c0d8110b1300723f15ec0fc8685e8d4ea6d7666f36c79ccc793b1939c748bf36f18f542744a4e379fcc
  languageName: node
  linkType: hard

"rimraf@npm:^2.5.2":
  version: 2.7.1
  resolution: "rimraf@npm:2.7.1"
  dependencies:
    glob: ^7.1.3
  bin:
    rimraf: ./bin.js
  checksum: cdc7f6eacb17927f2a075117a823e1c5951792c6498ebcce81ca8203454a811d4cf8900314154d3259bb8f0b42ab17f67396a8694a54cae3283326e57ad250cd
  languageName: node
  linkType: hard

"run-parallel@npm:^1.1.9":
  version: 1.2.0
  resolution: "run-parallel@npm:1.2.0"
  dependencies:
    queue-microtask: ^1.2.2
  checksum: cb4f97ad25a75ebc11a8ef4e33bb962f8af8516bb2001082ceabd8902e15b98f4b84b4f8a9b222e5d57fc3bd1379c483886ed4619367a7680dad65316993021d
  languageName: node
  linkType: hard

"sander@npm:^0.5.0":
  version: 0.5.1
  resolution: "sander@npm:0.5.1"
  dependencies:
    es6-promise: ^3.1.2
    graceful-fs: ^4.1.3
    mkdirp: ^0.5.1
    rimraf: ^2.5.2
  checksum: 76da5b91dd7848de0c985adf035fc39ca76a3cd15d68bdae0a4672659a4bdef7b716747b31245af5dd769f19765a9e8e16ad577984b12cc041bdb09599921f3a
  languageName: node
  linkType: hard

"seedrandom@npm:^3.0.5":
  version: 3.0.5
  resolution: "seedrandom@npm:3.0.5"
  checksum: 728b56bc3bc1b9ddeabd381e449b51cb31bdc0aa86e27fcd0190cea8c44613d5bcb2f6bb63ed79f78180cbe791c20b8ec31a9627f7b7fc7f476fd2bdb7e2da9f
  languageName: node
  linkType: hard

"semver@npm:^7.3.7":
  version: 7.3.7
  resolution: "semver@npm:7.3.7"
  dependencies:
    lru-cache: ^6.0.0
  bin:
    semver: bin/semver.js
  checksum: 2fa3e877568cd6ce769c75c211beaed1f9fce80b28338cadd9d0b6c40f2e2862bafd62c19a6cff42f3d54292b7c623277bcab8816a2b5521cf15210d43e75232
  languageName: node
  linkType: hard

"slash@npm:^3.0.0":
  version: 3.0.0
  resolution: "slash@npm:3.0.0"
  checksum: 94a93fff615f25a999ad4b83c9d5e257a7280c90a32a7cb8b4a87996e4babf322e469c42b7f649fd5796edd8687652f3fb452a86dc97a816f01113183393f11c
  languageName: node
  linkType: hard

"sorcery@npm:^0.10.0":
  version: 0.10.0
  resolution: "sorcery@npm:0.10.0"
  dependencies:
    buffer-crc32: ^0.2.5
    minimist: ^1.2.0
    sander: ^0.5.0
    sourcemap-codec: ^1.3.0
  bin:
    sorcery: bin/index.js
  checksum: e23fc06336c6e47274bd5e23849f8a7a40071d06a6fe1105f2557eb8613563b4c867230fd5f7b143e86a9bf45f62279e39ce68545482821d7b51b185133f2bc9
  languageName: node
  linkType: hard

"sourcemap-codec@npm:^1.3.0, sourcemap-codec@npm:^1.4.8":
  version: 1.4.8
  resolution: "sourcemap-codec@npm:1.4.8"
  checksum: b57981c05611afef31605732b598ccf65124a9fcb03b833532659ac4d29ac0f7bfacbc0d6c5a28a03e84c7510e7e556d758d0bb57786e214660016fb94279316
  languageName: node
  linkType: hard

"strip-indent@npm:^3.0.0":
  version: 3.0.0
  resolution: "strip-indent@npm:3.0.0"
  dependencies:
    min-indent: ^1.0.0
  checksum: 18f045d57d9d0d90cd16f72b2313d6364fd2cb4bf85b9f593523ad431c8720011a4d5f08b6591c9d580f446e78855c5334a30fb91aa1560f5d9f95ed1b4a0530
  languageName: node
  linkType: hard

"svelte-preprocess@npm:^4.10.7":
  version: 4.10.7
  resolution: "svelte-preprocess@npm:4.10.7"
  dependencies:
    "@types/pug": ^2.0.4
    "@types/sass": ^1.16.0
    detect-indent: ^6.0.0
    magic-string: ^0.25.7
    sorcery: ^0.10.0
    strip-indent: ^3.0.0
  peerDependencies:
    "@babel/core": ^7.10.2
    coffeescript: ^2.5.1
    less: ^3.11.3 || ^4.0.0
    postcss: ^7 || ^8
    postcss-load-config: ^2.1.0 || ^3.0.0 || ^4.0.0
    pug: ^3.0.0
    sass: ^1.26.8
    stylus: ^0.55.0
    sugarss: ^2.0.0
    svelte: ^3.23.0
    typescript: ^3.9.5 || ^4.0.0
  peerDependenciesMeta:
    "@babel/core":
      optional: true
    coffeescript:
      optional: true
    less:
      optional: true
    node-sass:
      optional: true
    postcss:
      optional: true
    postcss-load-config:
      optional: true
    pug:
      optional: true
    sass:
      optional: true
    stylus:
      optional: true
    sugarss:
      optional: true
    typescript:
      optional: true
  checksum: 51a0820c14bcc411ddf3b1cf4c772e73873626ed0b6c54dfca9e06bd6a6b22c9502436df3f1a4dab9eb3a404bba95002fd70cadea29a84fc36da3071309a8b91
  languageName: node
  linkType: hard

"svelte@npm:^3.49.0":
  version: 3.49.0
  resolution: "svelte@npm:3.49.0"
  checksum: 5b7cb8dbf6b6581b50fab1de63cbcb81816081a1240b03e234b299268fff2f3237bf8f92b683a848f95453353b5694dfe26fa05a55da185a4bb0cd8b80d87dd4
  languageName: node
  linkType: hard

"tiny-emitter@npm:^2.1.0":
  version: 2.1.0
  resolution: "tiny-emitter@npm:2.1.0"
  checksum: fbcfb5145751a0e3b109507a828eb6d6d4501352ab7bb33eccef46e22e9d9ad3953158870a6966a59e57ab7c3f9cfac7cab8521db4de6a5e757012f4677df2dd
  languageName: node
  linkType: hard

"to-regex-range@npm:^5.0.1":
  version: 5.0.1
  resolution: "to-regex-range@npm:5.0.1"
  dependencies:
    is-number: ^7.0.0
  checksum: f76fa01b3d5be85db6a2a143e24df9f60dd047d151062d0ba3df62953f2f697b16fe5dad9b0ac6191c7efc7b1d9dcaa4b768174b7b29da89d4428e64bc0a20ed
  languageName: node
  linkType: hard

"tslib@npm:2.4.0":
  version: 2.4.0
  resolution: "tslib@npm:2.4.0"
  checksum: 8c4aa6a3c5a754bf76aefc38026134180c053b7bd2f81338cb5e5ebf96fefa0f417bff221592bf801077f5bf990562f6264fecbc42cd3309b33872cb6fc3b113
  languageName: node
  linkType: hard

"tslib@npm:^1.8.1":
  version: 1.14.1
  resolution: "tslib@npm:1.14.1"
  checksum: dbe628ef87f66691d5d2959b3e41b9ca0045c3ee3c7c7b906cc1e328b39f199bb1ad9e671c39025bd56122ac57dfbf7385a94843b1cc07c60a4db74795829acd
  languageName: node
  linkType: hard

"tsutils@npm:^3.21.0":
  version: 3.21.0
  resolution: "tsutils@npm:3.21.0"
  dependencies:
    tslib: ^1.8.1
  peerDependencies:
    typescript: ">=2.8.0 || >= 3.2.0-dev || >= 3.3.0-dev || >= 3.4.0-dev || >= 3.5.0-dev || >= 3.6.0-dev || >= 3.6.0-beta || >= 3.7.0-dev || >= 3.7.0-beta"
  checksum: 1843f4c1b2e0f975e08c4c21caa4af4f7f65a12ac1b81b3b8489366826259323feb3fc7a243123453d2d1a02314205a7634e048d4a8009921da19f99755cdc48
  languageName: node
  linkType: hard

"typed-function@npm:^3.0.0":
  version: 3.0.0
  resolution: "typed-function@npm:3.0.0"
  checksum: f05afc8254dcb72815903c764fc3f8064a50ce1a0db9eb3a5134528209a852c8817682bdaf8ee9a73b316d4a4bbf92b6ae030934dd0983e7a2fd7fa487a71cec
  languageName: node
  linkType: hard

typescript@4.7.4:
  version: 4.7.4
  resolution: "typescript@npm:4.7.4"
  bin:
    tsc: bin/tsc
    tsserver: bin/tsserver
  checksum: 5750181b1cd7e6482c4195825547e70f944114fb47e58e4aa7553e62f11b3f3173766aef9c281783edfd881f7b8299cf35e3ca8caebe73d8464528c907a164df
  languageName: node
  linkType: hard

"typescript@patch:typescript@4.7.4#~builtin<compat/typescript>":
  version: 4.7.4
  resolution: "typescript@patch:typescript@npm%3A4.7.4#~builtin<compat/typescript>::version=4.7.4&hash=32657b"
  bin:
    tsc: bin/tsc
    tsserver: bin/tsserver
  checksum: 0b078b97f27848c2d10fc0777b7cb4cb85374426620edac25b2fe62459a4344569655e7f1a989d0ce9d5618cdeb958451eb2ee9436e78f7af86a99e800df967b
  languageName: node
  linkType: hard

"wrappy@npm:1":
  version: 1.0.2
  resolution: "wrappy@npm:1.0.2"
  checksum: 159da4805f7e84a3d003d8841557196034155008f817172d4e986bd591f74aa82aa7db55929a54222309e01079a65a92a9e6414da5a6aa4b01ee44a511ac3ee5
  languageName: node
  linkType: hard

"yallist@npm:^4.0.0":
  version: 4.0.0
  resolution: "yallist@npm:4.0.0"
  checksum: 343617202af32df2a15a3be36a5a8c0c8545208f3d3dfbc6bb7c3e3b7e8c6f8e7485432e4f3b88da3031a6e20afa7c711eded32ddfb122896ac5d914e75848d5
  languageName: node
  linkType: hard
